<?xml version="1.0" encoding="utf-8"?>
<Project ToolsVersion="4.0" xmlns="http://schemas.microsoft.com/developer/msbuild/2003">
  <ItemGroup>
    <Filter Include="Source Files">
      <UniqueIdentifier>{4FC737F1-C7A5-4376-A066-2A32D752A2FF}</UniqueIdentifier>
      <Extensions>cpp;c;cc;cxx;c++;cppm;ixx;def;odl;idl;hpj;bat;asm;asmx</Extensions>
    </Filter>
    <Filter Include="Slot">
      <UniqueIdentifier>{184339b3-9a67-44cb-9a9b-80cffdbcbac8}</UniqueIdentifier>
    </Filter>
    <Filter Include="Scene">
      <UniqueIdentifier>{a5a45530-785d-4a95-9b30-65a257426dca}</UniqueIdentifier>
    </Filter>
    <Filter Include="Visualizer">
      <UniqueIdentifier>{3703f64f-a493-462f-8b1a-cf8d3e9ffed7}</UniqueIdentifier>
    </Filter>
    <Filter Include="Core">
      <UniqueIdentifier>{f47a1f03-6aa3-46dd-8970-03006de49031}</UniqueIdentifier>
    </Filter>
    <Filter Include="SoftRender">
      <UniqueIdentifier>{4f184961-5e2a-49ed-aacf-9ab207175aa0}</UniqueIdentifier>
    </Filter>
  </ItemGroup>
  <ItemGroup>
    <ClCompile Include="SlotMask.cpp">
      <Filter>Slot</Filter>
    </ClCompile>
    <ClCompile Include="main.cpp">
      <Filter>Source Files</Filter>
    </ClCompile>
    <ClCompile Include="SceneLoader.cpp">
      <Filter>Scene</Filter>
    </ClCompile>
    <ClCompile Include="Core\BitmapWriter.cpp">
      <Filter>Core</Filter>
    </ClCompile>
    <ClCompile Include="Core\CpuFeature.cpp">
      <Filter>Core</Filter>
    </ClCompile>
    <ClCompile Include="Core\Intersector.cpp">
      <Filter>Core</Filter>
    </ClCompile>
    <ClCompile Include="Core\IntersectorAVX2.cpp">
      <Filter>Core</Filter>
    </ClCompile>
    <ClCompile Include="Core\lodepng.cpp">
      <Filter>Core</Filter>
    </ClCompile>
    <ClCompile Include="Core\ScopeTimer.cpp">
      <Filter>Core</Filter>
    </ClCompile>
    <ClCompile Include="Core\Task.cpp">
      <Filter>Core</Filter>
    </ClCompile>
    <ClCompile Include="Core\Threading.cpp">
      <Filter>Core</Filter>
    </ClCompile>
    <ClCompile Include="SoftRender\SIMDDepthBuffer.cpp">
      <Filter>SoftRender</Filter>
    </ClCompile>
    <ClCompile Include="SoftRender\SIMDMesh.cpp">
      <Filter>SoftRender</Filter>
    </ClCompile>
    <ClCompile Include="SoftRender\SoATriangles.cpp">
      <Filter>SoftRender</Filter>
    </ClCompile>
    <ClCompile Include="SoftRender\SoftRender.cpp">
      <Filter>SoftRender</Filter>
    </ClCompile>
  </ItemGroup>
  <ItemGroup>
    <ClInclude Include="SlotMask.h">
      <Filter>Slot</Filter>
    </ClInclude>
    <ClInclude Include="SceneLoader.h">
      <Filter>Scene</Filter>
    </ClInclude>
    <ClInclude Include="Core\atomics.hpp">
      <Filter>Core</Filter>
    </ClInclude>
    <ClInclude Include="Core\BitmapWriter.h">
      <Filter>Core</Filter>
    </ClInclude>
    <ClInclude Include="Core\concurrentqueue.h">
      <Filter>Core</Filter>
    </ClInclude>
    <ClInclude Include="Core\CoreMinimal.h">
      <Filter>Core</Filter>
    </ClInclude>
    <ClInclude Include="Core\CpuFeature.h">
      <Filter>Core</Filter>
    </ClInclude>
    <ClInclude Include="Core\lodepng.h">
      <Filter>Core</Filter>
    </ClInclude>
    <ClInclude Include="Core\RefCounted.h">
      <Filter>Core</Filter>
    </ClInclude>
    <ClInclude Include="Core\ScopeTimer.h">
      <Filter>Core</Filter>
    </ClInclude>
    <ClInclude Include="Core\Task.h">
      <Filter>Core</Filter>
    </ClInclude>
    <ClInclude Include="Core\Templates.h">
      <Filter>Core</Filter>
    </ClInclude>
    <ClInclude Include="Core\Threading.h">
      <Filter>Core</Filter>
    </ClInclude>
    <ClInclude Include="Core\ue_math.h">
      <Filter>Core</Filter>
    </ClInclude>
    <ClInclude Include="Core\vectorlist.hpp">
      <Filter>Core</Filter>
    </ClInclude>
    <ClInclude Include="SoftRender\Mesh_p.h">
      <Filter>SoftRender</Filter>
    </ClInclude>
    <ClInclude Include="SoftRender\SoATriangles.h">
      <Filter>SoftRender</Filter>
    </ClInclude>
    <ClInclude Include="SoftRender\SoftRender.h">
      <Filter>SoftRender</Filter>
    </ClInclude>
  </ItemGroup>
  <ItemGroup>
    <CustomBuild Include="SlotMaskOps.ispc">
      <Filter>Slot</Filter>
    </CustomBuild>
  </ItemGroup>
  <ItemGroup>
    <Natvis Include="simd_utils.natvis">
      <Filter>Visualizer</Filter>
    </Natvis>
  </ItemGroup>
  <ItemGroup>
    <MASM Include="Core\atomic.asm">
      <Filter>Core</Filter>
    </MASM>
  </ItemGroup>
  <ItemGroup>
    <None Include="SoftRender\SoftRender.isph">
      <Filter>SoftRender</Filter>
    </None>
    <None Include="SoftRender\SoftRenderImpl.ispc">
      <Filter>SoftRender</Filter>
    </None>
  </ItemGroup>
</Project>