<?xml version="1.0" encoding="utf-8"?>
<Project ToolsVersion="4.0" xmlns="http://schemas.microsoft.com/developer/msbuild/2003">
  <ItemGroup>
    <ClCompile Include="main.cpp" />
    <ClCompile Include="..\Core\BitmapWriter.cpp">
      <Filter>Core</Filter>
    </ClCompile>
    <ClCompile Include="..\Core\CpuFeature.cpp">
      <Filter>Core</Filter>
    </ClCompile>
    <ClCompile Include="..\Core\Intersector.cpp">
      <Filter>Core</Filter>
    </ClCompile>
    <ClCompile Include="..\Core\lodepng.cpp">
      <Filter>Core</Filter>
    </ClCompile>
    <ClCompile Include="..\Core\ScopeTimer.cpp">
      <Filter>Core</Filter>
    </ClCompile>
    <ClCompile Include="..\Core\Task.cpp">
      <Filter>Core</Filter>
    </ClCompile>
    <ClCompile Include="..\Core\Threading.cpp">
      <Filter>Core</Filter>
    </ClCompile>
  </ItemGroup>
  <ItemGroup>
    <ClInclude Include="..\Core\atomics.hpp">
      <Filter>Core</Filter>
    </ClInclude>
    <ClInclude Include="..\Core\BitmapWriter.h">
      <Filter>Core</Filter>
    </ClInclude>
    <ClInclude Include="..\Core\concurrentqueue.h">
      <Filter>Core</Filter>
    </ClInclude>
    <ClInclude Include="..\Core\CoreMinimal.h">
      <Filter>Core</Filter>
    </ClInclude>
    <ClInclude Include="..\Core\CpuFeature.h">
      <Filter>Core</Filter>
    </ClInclude>
    <ClInclude Include="..\Core\lodepng.h">
      <Filter>Core</Filter>
    </ClInclude>
    <ClInclude Include="..\SoftRender\Mesh_p.h">
      <Filter>Core</Filter>
    </ClInclude>
    <ClInclude Include="..\Core\RefCounted.h">
      <Filter>Core</Filter>
    </ClInclude>
    <ClInclude Include="..\SceneLoader.h">
      <Filter>Core</Filter>
    </ClInclude>
    <ClInclude Include="..\Core\ScopeTimer.h">
      <Filter>Core</Filter>
    </ClInclude>
    <ClInclude Include="..\SlotMask.h">
      <Filter>Core</Filter>
    </ClInclude>
    <ClInclude Include="..\SoftRender\SoATriangles.h">
      <Filter>Core</Filter>
    </ClInclude>
    <ClInclude Include="..\SoftRender\SoftRender.h">
      <Filter>Core</Filter>
    </ClInclude>
    <ClInclude Include="..\Core\Task.h">
      <Filter>Core</Filter>
    </ClInclude>
    <ClInclude Include="..\Core\Templates.h">
      <Filter>Core</Filter>
    </ClInclude>
    <ClInclude Include="..\Core\Threading.h">
      <Filter>Core</Filter>
    </ClInclude>
    <ClInclude Include="..\Core\ue_math.h">
      <Filter>Core</Filter>
    </ClInclude>
    <ClInclude Include="..\Core\vectorlist.hpp">
      <Filter>Core</Filter>
    </ClInclude>
  </ItemGroup>
  <ItemGroup>
    <CustomBuild Include="VoxelResample.ispc" />
  </ItemGroup>
  <ItemGroup>
    <Filter Include="Core">
      <UniqueIdentifier>{4ee809b4-d071-4dbe-a149-02b711ce428b}</UniqueIdentifier>
    </Filter>
  </ItemGroup>
  <ItemGroup>
    <MASM Include="..\Core\atomic.asm">
      <Filter>Core</Filter>
    </MASM>
  </ItemGroup>
  <ItemGroup>
    <Natvis Include="..\simd_utils.natvis">
      <Filter>Core</Filter>
    </Natvis>
  </ItemGroup>
</Project>